
Microsoft Visual Studio Solution File, Format Version 12.00
# Visual Studio Version 17
VisualStudioVersion = 17.5.33502.453
MinimumVisualStudioVersion = 10.0.40219.1
Project("{FAE04EC0-301F-11D3-BF4B-00C04F79EFBC}") = "task2", "task2.csproj", "{329CB8C4-9471-4C0E-B31C-4E0063ADA659}"
EndProject
Global
	GlobalSection(SolutionConfigurationPlatforms) = preSolution
		Debug|Any CPU = Debug|Any CPU
		Release|Any CPU = Release|Any CPU
	EndGlobalSection
	GlobalSection(ProjectConfigurationPlatforms) = postSolution
		{329CB8C4-9471-4C0E-B31C-4E0063ADA659}.Debug|Any CPU.ActiveCfg = Debug|Any CPU
		{329CB8C4-9471-4C0E-B31C-4E0063ADA659}.Debug|Any CPU.Build.0 = Debug|Any CPU
		{329CB8C4-9471-4C0E-B31C-4E0063ADA659}.Release|Any CPU.ActiveCfg = Release|Any CPU
		{329CB8C4-9471-4C0E-B31C-4E0063ADA659}.Release|Any CPU.Build.0 = Release|Any CPU
	EndGlobalSection
	GlobalSection(SolutionProperties) = preSolution
		HideSolutionNode = FALSE
	EndGlobalSection
	GlobalSection(ExtensibilityGlobals) = postSolution
		SolutionGuid = {2DB5F252-2F52-421D-8334-63E7E173C34A}
	EndGlobalSection
EndGlobal
